
Microsoft Visual Studio Solution File, Format Version 12.00
# Visual Studio Version 17
VisualStudioVersion = 17.0.31903.59
MinimumVisualStudioVersion = 10.0.40219.1
Project("{FAE04EC0-301F-11D3-BF4B-00C04F79EFBC}") = "WebUI", "WebUI\WebUI.csproj", "{2F7CD14E-1544-4919-B16E-9FD9B78BBE7C}"
EndProject
Project("{FAE04EC0-301F-11D3-BF4B-00C04F79EFBC}") = "Logic", "Logic\Logic.csproj", "{66E79C3B-7B46-4EDA-B05A-3C510224C599}"
EndProject
Project("{FAE04EC0-301F-11D3-BF4B-00C04F79EFBC}") = "Tests", "Tests\Tests.csproj", "{E799D977-CDB1-4C0B-A1C9-E04B08279462}"
EndProject
Project("{FAE04EC0-301F-11D3-BF4B-00C04F79EFBC}") = "Persistence", "Persistence\Persistence.csproj", "{69A45920-E4DE-4A3C-A33C-925176E2BD1C}"
EndProject
Global
	GlobalSection(SolutionConfigurationPlatforms) = preSolution
		Debug|Any CPU = Debug|Any CPU
		Release|Any CPU = Release|Any CPU
	EndGlobalSection
	GlobalSection(SolutionProperties) = preSolution
		HideSolutionNode = FALSE
	EndGlobalSection
	GlobalSection(ProjectConfigurationPlatforms) = postSolution
		{2F7CD14E-1544-4919-B16E-9FD9B78BBE7C}.Debug|Any CPU.ActiveCfg = Debug|Any CPU
		{2F7CD14E-1544-4919-B16E-9FD9B78BBE7C}.Debug|Any CPU.Build.0 = Debug|Any CPU
		{2F7CD14E-1544-4919-B16E-9FD9B78BBE7C}.Release|Any CPU.ActiveCfg = Release|Any CPU
		{2F7CD14E-1544-4919-B16E-9FD9B78BBE7C}.Release|Any CPU.Build.0 = Release|Any CPU
		{66E79C3B-7B46-4EDA-B05A-3C510224C599}.Debug|Any CPU.ActiveCfg = Debug|Any CPU
		{66E79C3B-7B46-4EDA-B05A-3C510224C599}.Debug|Any CPU.Build.0 = Debug|Any CPU
		{66E79C3B-7B46-4EDA-B05A-3C510224C599}.Release|Any CPU.ActiveCfg = Release|Any CPU
		{66E79C3B-7B46-4EDA-B05A-3C510224C599}.Release|Any CPU.Build.0 = Release|Any CPU
		{E799D977-CDB1-4C0B-A1C9-E04B08279462}.Debug|Any CPU.ActiveCfg = Debug|Any CPU
		{E799D977-CDB1-4C0B-A1C9-E04B08279462}.Debug|Any CPU.Build.0 = Debug|Any CPU
		{E799D977-CDB1-4C0B-A1C9-E04B08279462}.Release|Any CPU.ActiveCfg = Release|Any CPU
		{E799D977-CDB1-4C0B-A1C9-E04B08279462}.Release|Any CPU.Build.0 = Release|Any CPU
		{69A45920-E4DE-4A3C-A33C-925176E2BD1C}.Debug|Any CPU.ActiveCfg = Debug|Any CPU
		{69A45920-E4DE-4A3C-A33C-925176E2BD1C}.Debug|Any CPU.Build.0 = Debug|Any CPU
		{69A45920-E4DE-4A3C-A33C-925176E2BD1C}.Release|Any CPU.ActiveCfg = Release|Any CPU
		{69A45920-E4DE-4A3C-A33C-925176E2BD1C}.Release|Any CPU.Build.0 = Release|Any CPU
	EndGlobalSection
EndGlobal
